# THIS IS AN AUTOGENERATED FILE. DO NOT EDIT THIS FILE DIRECTLY.
# yarn lockfile v1


nodemailer@^6.7.7:
  version "6.7.7"
  resolved "https://registry.yarnpkg.com/nodemailer/-/nodemailer-6.7.7.tgz#e522fbd7507b81c51446d3f79c4603bf00083ddd"
  integrity sha512-pOLC/s+2I1EXuSqO5Wa34i3kXZG3gugDssH+ZNCevHad65tc8vQlCQpOLaUjopvkRQKm2Cki2aME7fEOPRy3bA==

opentype.js@^0.7.3:
  version "0.7.3"
  resolved "https://registry.yarnpkg.com/opentype.js/-/opentype.js-0.7.3.tgz#40fb8ce18bfd60e74448efdfe442834098397aab"
  integrity sha512-Veui5vl2bLonFJ/SjX/WRWJT3SncgiZNnKUyahmXCc2sa1xXW15u3R/3TN5+JFiP7RsjK5ER4HA5eWaEmV9deA==
  dependencies:
    tiny-inflate "^1.0.2"

svg-captcha@^1.4.0:
  version "1.4.0"
  resolved "https://registry.yarnpkg.com/svg-captcha/-/svg-captcha-1.4.0.tgz#32ead3c6463936c218bb3bc9ed04fea4eeffe492"
  integrity sha512-/fkkhavXPE57zRRCjNqAP3txRCSncpMx3NnNZL7iEoyAtYwUjPhJxW6FQTQPG5UPEmCrbFoXS10C3YdJlW7PDg==
  dependencies:
    opentype.js "^0.7.3"

tiny-inflate@^1.0.2:
  version "1.0.3"
  resolved "https://registry.yarnpkg.com/tiny-inflate/-/tiny-inflate-1.0.3.tgz#122715494913a1805166aaf7c93467933eea26c4"
  integrity sha512-pkY1fj1cKHb2seWDy0B16HeWyczlJA9/WW3u3c4z/NiWDsO3DOU5D7nhTLE9CF0yXv/QZFY7sEJmj24dK+Rrqw==
